
Microsoft Visual Studio Solution File, Format Version 12.00
# Visual Studio Version 17
VisualStudioVersion = 17.6.33829.357
MinimumVisualStudioVersion = 10.0.40219.1
Project("{2150E333-8FDC-42A3-9474-1A3956D46DE8}") = "Interface Grafica do Usuario", "Interface Grafica do Usuario", "{B44BB5D8-78AB-4E68-8633-EDE96456729B}"
EndProject
Project("{2150E333-8FDC-42A3-9474-1A3956D46DE8}") = "Infraestrutura", "Infraestrutura", "{763FE893-1CC4-4E97-BF53-13D6F709FAC6}"
EndProject
Project("{FAE04EC0-301F-11D3-BF4B-00C04F79EFBC}") = "EmissaoCTe.WebAdmin", "EmissaoCTe.WebAdmin\EmissaoCTe.WebAdmin.csproj", "{F454539D-8635-4D40-AC22-53B2E26CFEDA}"
EndProject
Project("{FAE04EC0-301F-11D3-BF4B-00C04F79EFBC}") = "EmissaoCTe.API", "EmissaoCTe.API\EmissaoCTe.API.csproj", "{5E41A593-22F0-4471-99BA-5CA2EFC81B26}"
EndProject
Project("{FAE04EC0-301F-11D3-BF4B-00C04F79EFBC}") = "EmissaoCTe.WebApp", "EmissaoCTe.WebApp\EmissaoCTe.WebApp.csproj", "{FC2914D3-5BB1-4D96-9725-2E0ABD3D54B7}"
EndProject
Project("{9A19103F-16F7-4668-BE54-9A1E7A4F7556}") = "Utilidades", "Utilidades\Utilidades.csproj", "{D6A0C80F-840C-4E94-88F3-57053CB8FFFF}"
EndProject
Project("{9A19103F-16F7-4668-BE54-9A1E7A4F7556}") = "Servicos", "Servicos\Servicos.csproj", "{C9D9C0B1-87A5-4D7A-95F4-BB5A167A0DA5}"
	ProjectSection(ProjectDependencies) = postProject
		{8433612C-5AA2-4B12-8498-4A658B6E9196} = {8433612C-5AA2-4B12-8498-4A658B6E9196}
	EndProjectSection
EndProject
Project("{9A19103F-16F7-4668-BE54-9A1E7A4F7556}") = "Dominio", "Dominio\Dominio.csproj", "{9BA21A66-756C-4AB7-9063-DBDD68D6615E}"
EndProject
Project("{9A19103F-16F7-4668-BE54-9A1E7A4F7556}") = "Repositorio", "Repositorio\Repositorio.csproj", "{A968F3DA-D027-4C27-B7AD-21E5645D62B2}"
EndProject
Project("{9A19103F-16F7-4668-BE54-9A1E7A4F7556}") = "MultiSoftware.CTe", "MultiSoftware.CTe\MultiSoftware.CTe.csproj", "{EEBF39F1-9B28-44E2-9DCD-720EF458163B}"
EndProject
Project("{9A19103F-16F7-4668-BE54-9A1E7A4F7556}") = "MultiSoftware.NFe", "MultiSoftware.NFe\MultiSoftware.NFe.csproj", "{2EB7C7D4-DEA2-445C-A7EC-07BC4C415AEC}"
EndProject
Project("{FAE04EC0-301F-11D3-BF4B-00C04F79EFBC}") = "EmissaoCTe.Integracao", "EmissaoCTe.Integracao\EmissaoCTe.Integracao.csproj", "{895CBC17-0B4C-4ABA-B115-CF25EDB3D3A8}"
EndProject
Project("{FAE04EC0-301F-11D3-BF4B-00C04F79EFBC}") = "WebApplication1", "WebApplication1\WebApplication1.csproj", "{5FA1A5D6-1FDA-46EB-BB2E-F0777E30B73E}"
EndProject
Project("{FAE04EC0-301F-11D3-BF4B-00C04F79EFBC}") = "EmissaoCTe.InternalWebAdmin", "EmissaoCTe.InternalWebAdmin\EmissaoCTe.InternalWebAdmin.csproj", "{8DD0D2B8-F810-487E-9CDC-0DA49F2B7430}"
EndProject
Project("{9A19103F-16F7-4668-BE54-9A1E7A4F7556}") = "MultiSoftware.EFD", "MultiSoftware.EFD\MultiSoftware.EFD.csproj", "{FDD1CEC6-8E76-469A-AB0C-37779579CAB0}"
EndProject
Project("{9A19103F-16F7-4668-BE54-9A1E7A4F7556}") = "MultiSoftware.EDI", "MultiSoftware.EDI\MultiSoftware.EDI.csproj", "{9CC24B89-3133-4562-882B-6E66ACE00971}"
EndProject
Project("{9A19103F-16F7-4668-BE54-9A1E7A4F7556}") = "Dominio.NDDigital", "Dominio.NDDigital\Dominio.NDDigital.csproj", "{F62CC0C3-7F74-4678-BC1D-169FEB97F813}"
EndProject
Project("{FAE04EC0-301F-11D3-BF4B-00C04F79EFBC}") = "EmissaoCTe.Relatorio", "EmissaoCTe.Relatorio\EmissaoCTe.Relatorio.csproj", "{0010421B-7A12-408D-BB0B-BE7FEDA732FC}"
EndProject
Project("{9A19103F-16F7-4668-BE54-9A1E7A4F7556}") = "SGT.WebAdmin", "SGT.WebAdmin\SGT.WebAdmin.csproj", "{22B1C19B-7D5F-49CD-97F8-D11E28BFEE01}"
EndProject
Project("{2150E333-8FDC-42A3-9474-1A3956D46DE8}") = ".nuget", ".nuget", "{B39275BA-0AA4-4B3A-A3EF-271380547B92}"
	ProjectSection(SolutionItems) = preProject
		.nuget\NuGet.Config = .nuget\NuGet.Config
		.nuget\NuGet.exe = .nuget\NuGet.exe
		.nuget\NuGet.targets = .nuget\NuGet.targets
	EndProjectSection
EndProject
Project("{9A19103F-16F7-4668-BE54-9A1E7A4F7556}") = "Zeus", "Zeus\Zeus.csproj", "{C60EB498-E61B-48DE-B39F-B1231443FF8C}"
EndProject
Project("{FAE04EC0-301F-11D3-BF4B-00C04F79EFBC}") = "IntegradorNaturaViaEDIService", "IntegradorNaturaViaEDIService\IntegradorNaturaViaEDIService.csproj", "{F93DA578-F24A-45A5-BFA6-C712CFCD6DB4}"
EndProject
Project("{FAE04EC0-301F-11D3-BF4B-00C04F79EFBC}") = "SGT.WebService", "SGT.WebService\SGT.WebService.csproj", "{CAA88184-CE6A-4EEC-BBF7-7E825EFA9C00}"
EndProject
Project("{FAE04EC0-301F-11D3-BF4B-00C04F79EFBC}") = "SGT.GerenciadorApp", "SGT.GerenciadorApp\SGT.GerenciadorApp.csproj", "{6148889A-EE01-420C-A3C3-1D2DCECFD465}"
EndProject
Project("{9A19103F-16F7-4668-BE54-9A1E7A4F7556}") = "MultiSoftware.MDFe", "MultiSoftware.MDFe\MultiSoftware.MDFe.csproj", "{0CFE7213-0A00-4E56-B09B-B90717C6A72A}"
EndProject
Project("{FAE04EC0-301F-11D3-BF4B-00C04F79EFBC}") = "AssinadorXMLNFe", "AssinadorXMLNFe\AssinadorXMLNFe.csproj", "{BB59374A-0DFE-4AA6-A6CA-75949AB761F1}"
EndProject
Project("{9A19103F-16F7-4668-BE54-9A1E7A4F7556}") = "Localization", "Localization\Localization.csproj", "{A541696A-E018-43BB-AC7D-3E0D3C14A92F}"
EndProject
Project("{FAE04EC0-301F-11D3-BF4B-00C04F79EFBC}") = "IntegradorDanoneViaEDIService", "IntegradorDanoneViaEDIService\IntegradorDanoneViaEDIService.csproj", "{24228CE0-538C-457A-936E-27D17A6F0A09}"
EndProject
Project("{FAE04EC0-301F-11D3-BF4B-00C04F79EFBC}") = "SGT.Mobile", "SGT.Mobile\SGT.Mobile.csproj", "{26049A4D-9E08-4B68-AB92-68257BA11A69}"
EndProject
Project("{FAE04EC0-301F-11D3-BF4B-00C04F79EFBC}") = "LeitorCanhotoOCR", "LeitorCanhotoOCR\LeitorCanhotoOCR.csproj", "{7B9192BA-8BAA-4D11-930B-3784CAA9357B}"
EndProject
Project("{FAE04EC0-301F-11D3-BF4B-00C04F79EFBC}") = "WSValidacaoCommerce", "WSValidacaoCommerce\WSValidacaoCommerce.csproj", "{8433612C-5AA2-4B12-8498-4A658B6E9196}"
EndProject
Project("{FAE04EC0-301F-11D3-BF4B-00C04F79EFBC}") = "SGT.WebServiceCarrefour", "SGT.WebServiceCarrefour\SGT.WebServiceCarrefour.csproj", "{A6863875-F452-4799-962A-DD5B997FA2E6}"
EndProject
Project("{FAE04EC0-301F-11D3-BF4B-00C04F79EFBC}") = "Emissao.Integracao.Rest", "Emissao.Integracao.Rest\Emissao.Integracao.Rest.csproj", "{5ECF7DEA-FDF6-4E33-85F7-7CFB68157C30}"
EndProject
Project("{FAE04EC0-301F-11D3-BF4B-00C04F79EFBC}") = "SGT.Google.OrTools.Api", "SGT.Google.OrTools.Api\SGT.Google.OrTools.Api.csproj", "{8A3AD4AE-8BC6-4DD0-B8F5-A76FEE442A40}"
EndProject
Project("{2150E333-8FDC-42A3-9474-1A3956D46DE8}") = "Solution Items", "Solution Items", "{53B2A2B8-85DD-481A-922C-6855FB5BC96C}"
	ProjectSection(SolutionItems) = preProject
		.editorconfig = .editorconfig
		Resources.Designer.t4 = Resources.Designer.t4
	EndProjectSection
EndProject
Project("{2150E333-8FDC-42A3-9474-1A3956D46DE8}") = "Dominio", "Dominio", "{54415ABE-7533-47E8-B375-B997BAF26763}"
EndProject
Project("{9A19103F-16F7-4668-BE54-9A1E7A4F7556}") = "SGT.MercadoLivre", "SGT.MercadoLivre\SGT.MercadoLivre.csproj", "{3B27962E-9489-481B-BF22-D542B7B1465F}"
EndProject
Project("{FAE04EC0-301F-11D3-BF4B-00C04F79EFBC}") = "SGT.WebServiceMagalu", "SGT.WebServiceMagalu\SGT.WebServiceMagalu.csproj", "{2BB4FCE3-34BA-4E0C-98F7-028BE026D62D}"
EndProject
Project("{9A19103F-16F7-4668-BE54-9A1E7A4F7556}") = "SGT.WebService.REST", "SGT.WebService.REST\SGT.WebService.REST.csproj", "{AD5B9BC9-9870-4E12-99B1-69CBA7ECEF34}"
EndProject
Project("{2150E333-8FDC-42A3-9474-1A3956D46DE8}") = "AdminMulti", "AdminMulti", "{DE87C987-3F09-48C7-BBC4-14ABD6FE637D}"
EndProject
Project("{9A19103F-16F7-4668-BE54-9A1E7A4F7556}") = "SGT.Riachuelo", "SGT.Riachuelo\SGT.Riachuelo.csproj", "{50F959EB-AA90-45FE-81A0-239F7078134C}"
EndProject
Project("{FAE04EC0-301F-11D3-BF4B-00C04F79EFBC}") = "SGT.WebService.ArcelorMittal", "SGT.WebService.ArcelorMittal\SGT.WebService.ArcelorMittal.csproj", "{223C3EEA-E1D9-4818-BC5B-49DC93B7E6FE}"
EndProject
Project("{9A19103F-16F7-4668-BE54-9A1E7A4F7556}") = "AdminMultisoftware", "AdminMultisoftware\AdminMultisoftware\AdminMultisoftware.csproj", "{56214700-1DBB-43E3-A8BD-67221CEDF0BE}"
EndProject
Project("{9A19103F-16F7-4668-BE54-9A1E7A4F7556}") = "SGT.Intercab", "SGT.Intercab\SGT.Intercab.csproj", "{39B2319A-32F1-4C4A-9C24-B3CAC57A108D}"
EndProject
Project("{FAE04EC0-301F-11D3-BF4B-00C04F79EFBC}") = "SGT.WebAdmin.ProcessarDocumentosService", "SGT.WebAdmin.ProcessarDocumentosService\SGT.WebAdmin.ProcessarDocumentosService.csproj", "{40E93964-479D-4B70-884D-BDBC5FC444E2}"
EndProject
Project("{9A19103F-16F7-4668-BE54-9A1E7A4F7556}") = "SGT.WebService.ArcelorMittal.REST", "SGT.WebService.ArcelorMittal.RESTFULL\SGT.WebService.ArcelorMittal.REST.csproj", "{1F379265-C0AB-4991-AEE7-E7F53F43A058}"
EndProject
Project("{FAE04EC0-301F-11D3-BF4B-00C04F79EFBC}") = "SGT.WebAdmin.ProcessarArquivoXMLNotaFiscalIntegracao", "SGT.WebAdmin.ProcessarArquivoXMLNotaFiscalIntegracao\SGT.WebAdmin.ProcessarArquivoXMLNotaFiscalIntegracao.csproj", "{1DFB4399-1867-4A7A-9DC6-DA2ED4E2A45F}"
EndProject
Project("{FAE04EC0-301F-11D3-BF4B-00C04F79EFBC}") = "SGT.WebAdmin.ProcessamentoDocumentoTransporte", "SGT.WebAdmin.ProcessamentoDocumentoTransporte\SGT.WebAdmin.ProcessamentoDocumentoTransporte.csproj", "{05E0AA89-DA36-4003-9C66-585BD261F973}"
EndProject
Project("{FAE04EC0-301F-11D3-BF4B-00C04F79EFBC}") = "SGT.WebAdmin.ProcessarValePedagio", "SGT.WebAdmin.ProcessarValePedagio\SGT.WebAdmin.ProcessarValePedagio.csproj", "{0E9117AC-4BF8-4833-98EA-ADE361EE9935}"
EndProject
Project("{2150E333-8FDC-42A3-9474-1A3956D46DE8}") = "Servicos de Integracao", "Servicos de Integracao", "{9B9A5A55-0B21-4EAA-A3AF-3839578C99F2}"
EndProject
Project("{2150E333-8FDC-42A3-9474-1A3956D46DE8}") = "Servicos de Aplicacao em Background", "Servicos de Aplicacao em Background", "{77D9FF60-9F2A-4192-80A4-2CB4774C00C0}"
EndProject
Project("{9A19103F-16F7-4668-BE54-9A1E7A4F7556}") = "SGT.WebService.Ecommerce.REST", "SGT.WebService.Ecommerce.REST\SGT.WebService.Ecommerce.REST.csproj", "{0A8F96B8-AA4B-45EC-B5C1-FDAEB06B4FB9}"
EndProject
Project("{FAE04EC0-301F-11D3-BF4B-00C04F79EFBC}") = "ReportApi", "ReportApi\ReportApi.csproj", "{C9686E7B-1B2D-4454-827B-03CB407ECB2B}"
EndProject
Project("{2150E333-8FDC-42A3-9474-1A3956D46DE8}") = "Servicos Personalizados", "Servicos Personalizados", "{2CFD3B22-38DE-4A75-BE03-6DF16785318B}"
EndProject
Project("{9A19103F-16F7-4668-BE54-9A1E7A4F7556}") = "Monitoramento", "Monitoramento\Monitoramento.csproj", "{98805E9C-FFA2-4456-B293-E4C6BCE1ADC9}"
EndProject
Project("{9A19103F-16F7-4668-BE54-9A1E7A4F7556}") = "SGT.AutomacaoDeploy", "SGT.AutomacaoDeploy\SGT.AutomacaoDeploy.csproj", "{771CA6B7-5183-4938-8BD5-775A1759F4AC}"
EndProject
Project("{9A19103F-16F7-4668-BE54-9A1E7A4F7556}") = "SGT.Italac", "SGT.Italac\SGT.Italac.csproj", "{5AB49997-4FDB-403E-AA59-9DF86F565CB4}"
EndProject
Project("{9A19103F-16F7-4668-BE54-9A1E7A4F7556}") = "SGT.ProcessadorTarefas", "SGT.ProcessadorTarefas\SGT.ProcessadorTarefas.csproj", "{A2F92FBD-C9DB-4C49-BCFD-FBD27ADD787C}"
EndProject
Project("{9A19103F-16F7-4668-BE54-9A1E7A4F7556}") = "SGT.Shopee", "SGT.Shopee\SGT.Shopee.csproj", "{75CCBC12-556B-4EF1-A598-1EEC590F7565}"
EndProject
Project("{9A19103F-16F7-4668-BE54-9A1E7A4F7556}") = "SGT.BackgroundWorkers", "SGT.BackgroundWorkers\SGT.BackgroundWorkers.csproj", "{84D8F103-F4AE-485A-94C5-69C4BA2F89A8}"
EndProject
Project("{9A19103F-16F7-4668-BE54-9A1E7A4F7556}") = "SGT.Hangfire.Threads", "Worker\SGT.Hangfire.Threads.csproj", "{0C0F0D93-51A4-4962-A1F9-7F417BD38686}"
EndProject
Project("{9A19103F-16F7-4668-BE54-9A1E7A4F7556}") = "SGT.WebAdmin.ProcessarEmissaoDocumentos", "SGT.WebAdmin.ProcessarEmissaoDocumentos\SGT.WebAdmin.ProcessarEmissaoDocumentos.csproj", "{B581628E-6F87-487E-B89A-350626F33EDB}"
EndProject
Project("{9A19103F-16F7-4668-BE54-9A1E7A4F7556}") = "SGT.WebAdmin.ProcessarCalculoDeFrete", "SGT.WebAdmin.ProcessarCalculoDeFrete\SGT.WebAdmin.ProcessarCalculoDeFrete.csproj", "{A8A7A15C-EA86-491B-A5D3-B3366BDA5C98}"
EndProject
Project("{FAE04EC0-301F-11D3-BF4B-00C04F79EFBC}") = "SGT.ConsultaDestinadosSefaz", "SGT.ConsultaDestinadosSefaz\SGT.ConsultaDestinadosSefaz.csproj", "{E69EFEF9-4CBD-4657-89A1-7FC4A59860B2}"
EndProject
Project("{FAE04EC0-301F-11D3-BF4B-00C04F79EFBC}") = "Infrastructure", "Infrastructure\Infrastructure.csproj", "{5872AEB3-BAA3-FE31-B0EB-0FB6DBEDCF83}"
EndProject
Global
	GlobalSection(SolutionConfigurationPlatforms) = preSolution
		Debug|Any CPU = Debug|Any CPU
		Debug|x64 = Debug|x64
		Release|Any CPU = Release|Any CPU
		Release|x64 = Release|x64
	EndGlobalSection
	GlobalSection(ProjectConfigurationPlatforms) = postSolution
		{F454539D-8635-4D40-AC22-53B2E26CFEDA}.Debug|Any CPU.ActiveCfg = Debug|Any CPU
		{F454539D-8635-4D40-AC22-53B2E26CFEDA}.Debug|Any CPU.Build.0 = Debug|Any CPU
		{F454539D-8635-4D40-AC22-53B2E26CFEDA}.Debug|x64.ActiveCfg = Debug|Any CPU
		{F454539D-8635-4D40-AC22-53B2E26CFEDA}.Debug|x64.Build.0 = Debug|Any CPU
		{F454539D-8635-4D40-AC22-53B2E26CFEDA}.Release|Any CPU.ActiveCfg = Release|Any CPU
		{F454539D-8635-4D40-AC22-53B2E26CFEDA}.Release|Any CPU.Build.0 = Release|Any CPU
		{F454539D-8635-4D40-AC22-53B2E26CFEDA}.Release|x64.ActiveCfg = Release|Any CPU
		{F454539D-8635-4D40-AC22-53B2E26CFEDA}.Release|x64.Build.0 = Release|Any CPU
		{5E41A593-22F0-4471-99BA-5CA2EFC81B26}.Debug|Any CPU.ActiveCfg = Debug|Any CPU
		{5E41A593-22F0-4471-99BA-5CA2EFC81B26}.Debug|Any CPU.Build.0 = Debug|Any CPU
		{5E41A593-22F0-4471-99BA-5CA2EFC81B26}.Debug|x64.ActiveCfg = Debug|Any CPU
		{5E41A593-22F0-4471-99BA-5CA2EFC81B26}.Debug|x64.Build.0 = Debug|Any CPU
		{5E41A593-22F0-4471-99BA-5CA2EFC81B26}.Release|Any CPU.ActiveCfg = Release|Any CPU
		{5E41A593-22F0-4471-99BA-5CA2EFC81B26}.Release|Any CPU.Build.0 = Release|Any CPU
		{5E41A593-22F0-4471-99BA-5CA2EFC81B26}.Release|x64.ActiveCfg = Release|Any CPU
		{5E41A593-22F0-4471-99BA-5CA2EFC81B26}.Release|x64.Build.0 = Release|Any CPU
		{FC2914D3-5BB1-4D96-9725-2E0ABD3D54B7}.Debug|Any CPU.ActiveCfg = Debug|Any CPU
		{FC2914D3-5BB1-4D96-9725-2E0ABD3D54B7}.Debug|Any CPU.Build.0 = Debug|Any CPU
		{FC2914D3-5BB1-4D96-9725-2E0ABD3D54B7}.Debug|x64.ActiveCfg = Debug|Any CPU
		{FC2914D3-5BB1-4D96-9725-2E0ABD3D54B7}.Debug|x64.Build.0 = Debug|Any CPU
		{FC2914D3-5BB1-4D96-9725-2E0ABD3D54B7}.Release|Any CPU.ActiveCfg = Release|Any CPU
		{FC2914D3-5BB1-4D96-9725-2E0ABD3D54B7}.Release|Any CPU.Build.0 = Release|Any CPU
		{FC2914D3-5BB1-4D96-9725-2E0ABD3D54B7}.Release|x64.ActiveCfg = Release|Any CPU
		{FC2914D3-5BB1-4D96-9725-2E0ABD3D54B7}.Release|x64.Build.0 = Release|Any CPU
		{D6A0C80F-840C-4E94-88F3-57053CB8FFFF}.Debug|Any CPU.ActiveCfg = Debug|Any CPU
		{D6A0C80F-840C-4E94-88F3-57053CB8FFFF}.Debug|Any CPU.Build.0 = Debug|Any CPU
		{D6A0C80F-840C-4E94-88F3-57053CB8FFFF}.Debug|x64.ActiveCfg = Debug|Any CPU
		{D6A0C80F-840C-4E94-88F3-57053CB8FFFF}.Debug|x64.Build.0 = Debug|Any CPU
		{D6A0C80F-840C-4E94-88F3-57053CB8FFFF}.Release|Any CPU.ActiveCfg = Release|Any CPU
		{D6A0C80F-840C-4E94-88F3-57053CB8FFFF}.Release|Any CPU.Build.0 = Release|Any CPU
		{D6A0C80F-840C-4E94-88F3-57053CB8FFFF}.Release|x64.ActiveCfg = Release|Any CPU
		{D6A0C80F-840C-4E94-88F3-57053CB8FFFF}.Release|x64.Build.0 = Release|Any CPU
		{C9D9C0B1-87A5-4D7A-95F4-BB5A167A0DA5}.Debug|Any CPU.ActiveCfg = Debug|Any CPU
		{C9D9C0B1-87A5-4D7A-95F4-BB5A167A0DA5}.Debug|Any CPU.Build.0 = Debug|Any CPU
		{C9D9C0B1-87A5-4D7A-95F4-BB5A167A0DA5}.Debug|x64.ActiveCfg = Debug|Any CPU
		{C9D9C0B1-87A5-4D7A-95F4-BB5A167A0DA5}.Debug|x64.Build.0 = Debug|Any CPU
		{C9D9C0B1-87A5-4D7A-95F4-BB5A167A0DA5}.Release|Any CPU.ActiveCfg = Release|Any CPU
		{C9D9C0B1-87A5-4D7A-95F4-BB5A167A0DA5}.Release|Any CPU.Build.0 = Release|Any CPU
		{C9D9C0B1-87A5-4D7A-95F4-BB5A167A0DA5}.Release|x64.ActiveCfg = Release|Any CPU
		{C9D9C0B1-87A5-4D7A-95F4-BB5A167A0DA5}.Release|x64.Build.0 = Release|Any CPU
		{9BA21A66-756C-4AB7-9063-DBDD68D6615E}.Debug|Any CPU.ActiveCfg = Debug|Any CPU
		{9BA21A66-756C-4AB7-9063-DBDD68D6615E}.Debug|Any CPU.Build.0 = Debug|Any CPU
		{9BA21A66-756C-4AB7-9063-DBDD68D6615E}.Debug|x64.ActiveCfg = Debug|Any CPU
		{9BA21A66-756C-4AB7-9063-DBDD68D6615E}.Debug|x64.Build.0 = Debug|Any CPU
		{9BA21A66-756C-4AB7-9063-DBDD68D6615E}.Release|Any CPU.ActiveCfg = Release|Any CPU
		{9BA21A66-756C-4AB7-9063-DBDD68D6615E}.Release|Any CPU.Build.0 = Release|Any CPU
		{9BA21A66-756C-4AB7-9063-DBDD68D6615E}.Release|x64.ActiveCfg = Release|Any CPU
		{9BA21A66-756C-4AB7-9063-DBDD68D6615E}.Release|x64.Build.0 = Release|Any CPU
		{A968F3DA-D027-4C27-B7AD-21E5645D62B2}.Debug|Any CPU.ActiveCfg = Debug|Any CPU
		{A968F3DA-D027-4C27-B7AD-21E5645D62B2}.Debug|Any CPU.Build.0 = Debug|Any CPU
		{A968F3DA-D027-4C27-B7AD-21E5645D62B2}.Debug|x64.ActiveCfg = Debug|Any CPU
		{A968F3DA-D027-4C27-B7AD-21E5645D62B2}.Debug|x64.Build.0 = Debug|Any CPU
		{A968F3DA-D027-4C27-B7AD-21E5645D62B2}.Release|Any CPU.ActiveCfg = Release|Any CPU
		{A968F3DA-D027-4C27-B7AD-21E5645D62B2}.Release|Any CPU.Build.0 = Release|Any CPU
		{A968F3DA-D027-4C27-B7AD-21E5645D62B2}.Release|x64.ActiveCfg = Release|Any CPU
		{A968F3DA-D027-4C27-B7AD-21E5645D62B2}.Release|x64.Build.0 = Release|Any CPU
		{EEBF39F1-9B28-44E2-9DCD-720EF458163B}.Debug|Any CPU.ActiveCfg = Debug|Any CPU
		{EEBF39F1-9B28-44E2-9DCD-720EF458163B}.Debug|Any CPU.Build.0 = Debug|Any CPU
		{EEBF39F1-9B28-44E2-9DCD-720EF458163B}.Debug|x64.ActiveCfg = Debug|Any CPU
		{EEBF39F1-9B28-44E2-9DCD-720EF458163B}.Debug|x64.Build.0 = Debug|Any CPU
		{EEBF39F1-9B28-44E2-9DCD-720EF458163B}.Release|Any CPU.ActiveCfg = Release|Any CPU
		{EEBF39F1-9B28-44E2-9DCD-720EF458163B}.Release|Any CPU.Build.0 = Release|Any CPU
		{EEBF39F1-9B28-44E2-9DCD-720EF458163B}.Release|x64.ActiveCfg = Release|Any CPU
		{EEBF39F1-9B28-44E2-9DCD-720EF458163B}.Release|x64.Build.0 = Release|Any CPU
		{2EB7C7D4-DEA2-445C-A7EC-07BC4C415AEC}.Debug|Any CPU.ActiveCfg = Debug|Any CPU
		{2EB7C7D4-DEA2-445C-A7EC-07BC4C415AEC}.Debug|Any CPU.Build.0 = Debug|Any CPU
		{2EB7C7D4-DEA2-445C-A7EC-07BC4C415AEC}.Debug|x64.ActiveCfg = Debug|Any CPU
		{2EB7C7D4-DEA2-445C-A7EC-07BC4C415AEC}.Debug|x64.Build.0 = Debug|Any CPU
		{2EB7C7D4-DEA2-445C-A7EC-07BC4C415AEC}.Release|Any CPU.ActiveCfg = Release|Any CPU
		{2EB7C7D4-DEA2-445C-A7EC-07BC4C415AEC}.Release|Any CPU.Build.0 = Release|Any CPU
		{2EB7C7D4-DEA2-445C-A7EC-07BC4C415AEC}.Release|x64.ActiveCfg = Release|Any CPU
		{2EB7C7D4-DEA2-445C-A7EC-07BC4C415AEC}.Release|x64.Build.0 = Release|Any CPU
		{895CBC17-0B4C-4ABA-B115-CF25EDB3D3A8}.Debug|Any CPU.ActiveCfg = Debug|Any CPU
		{895CBC17-0B4C-4ABA-B115-CF25EDB3D3A8}.Debug|Any CPU.Build.0 = Debug|Any CPU
		{895CBC17-0B4C-4ABA-B115-CF25EDB3D3A8}.Debug|x64.ActiveCfg = Debug|Any CPU
		{895CBC17-0B4C-4ABA-B115-CF25EDB3D3A8}.Debug|x64.Build.0 = Debug|Any CPU
		{895CBC17-0B4C-4ABA-B115-CF25EDB3D3A8}.Release|Any CPU.ActiveCfg = Release|Any CPU
		{895CBC17-0B4C-4ABA-B115-CF25EDB3D3A8}.Release|Any CPU.Build.0 = Release|Any CPU
		{895CBC17-0B4C-4ABA-B115-CF25EDB3D3A8}.Release|x64.ActiveCfg = Release|Any CPU
		{895CBC17-0B4C-4ABA-B115-CF25EDB3D3A8}.Release|x64.Build.0 = Release|Any CPU
		{5FA1A5D6-1FDA-46EB-BB2E-F0777E30B73E}.Debug|Any CPU.ActiveCfg = Debug|Any CPU
		{5FA1A5D6-1FDA-46EB-BB2E-F0777E30B73E}.Debug|Any CPU.Build.0 = Debug|Any CPU
		{5FA1A5D6-1FDA-46EB-BB2E-F0777E30B73E}.Debug|x64.ActiveCfg = Debug|Any CPU
		{5FA1A5D6-1FDA-46EB-BB2E-F0777E30B73E}.Debug|x64.Build.0 = Debug|Any CPU
		{5FA1A5D6-1FDA-46EB-BB2E-F0777E30B73E}.Release|Any CPU.ActiveCfg = Release|Any CPU
		{5FA1A5D6-1FDA-46EB-BB2E-F0777E30B73E}.Release|Any CPU.Build.0 = Release|Any CPU
		{5FA1A5D6-1FDA-46EB-BB2E-F0777E30B73E}.Release|x64.ActiveCfg = Release|Any CPU
		{5FA1A5D6-1FDA-46EB-BB2E-F0777E30B73E}.Release|x64.Build.0 = Release|Any CPU
		{8DD0D2B8-F810-487E-9CDC-0DA49F2B7430}.Debug|Any CPU.ActiveCfg = Debug|Any CPU
		{8DD0D2B8-F810-487E-9CDC-0DA49F2B7430}.Debug|Any CPU.Build.0 = Debug|Any CPU
		{8DD0D2B8-F810-487E-9CDC-0DA49F2B7430}.Debug|x64.ActiveCfg = Debug|Any CPU
		{8DD0D2B8-F810-487E-9CDC-0DA49F2B7430}.Debug|x64.Build.0 = Debug|Any CPU
		{8DD0D2B8-F810-487E-9CDC-0DA49F2B7430}.Release|Any CPU.ActiveCfg = Release|Any CPU
		{8DD0D2B8-F810-487E-9CDC-0DA49F2B7430}.Release|Any CPU.Build.0 = Release|Any CPU
		{8DD0D2B8-F810-487E-9CDC-0DA49F2B7430}.Release|x64.ActiveCfg = Release|Any CPU
		{8DD0D2B8-F810-487E-9CDC-0DA49F2B7430}.Release|x64.Build.0 = Release|Any CPU
		{FDD1CEC6-8E76-469A-AB0C-37779579CAB0}.Debug|Any CPU.ActiveCfg = Debug|Any CPU
		{FDD1CEC6-8E76-469A-AB0C-37779579CAB0}.Debug|Any CPU.Build.0 = Debug|Any CPU
		{FDD1CEC6-8E76-469A-AB0C-37779579CAB0}.Debug|x64.ActiveCfg = Debug|Any CPU
		{FDD1CEC6-8E76-469A-AB0C-37779579CAB0}.Debug|x64.Build.0 = Debug|Any CPU
		{FDD1CEC6-8E76-469A-AB0C-37779579CAB0}.Release|Any CPU.ActiveCfg = Release|Any CPU
		{FDD1CEC6-8E76-469A-AB0C-37779579CAB0}.Release|Any CPU.Build.0 = Release|Any CPU
		{FDD1CEC6-8E76-469A-AB0C-37779579CAB0}.Release|x64.ActiveCfg = Release|Any CPU
		{FDD1CEC6-8E76-469A-AB0C-37779579CAB0}.Release|x64.Build.0 = Release|Any CPU
		{9CC24B89-3133-4562-882B-6E66ACE00971}.Debug|Any CPU.ActiveCfg = Debug|Any CPU
		{9CC24B89-3133-4562-882B-6E66ACE00971}.Debug|Any CPU.Build.0 = Debug|Any CPU
		{9CC24B89-3133-4562-882B-6E66ACE00971}.Debug|x64.ActiveCfg = Debug|Any CPU
		{9CC24B89-3133-4562-882B-6E66ACE00971}.Debug|x64.Build.0 = Debug|Any CPU
		{9CC24B89-3133-4562-882B-6E66ACE00971}.Release|Any CPU.ActiveCfg = Release|Any CPU
		{9CC24B89-3133-4562-882B-6E66ACE00971}.Release|Any CPU.Build.0 = Release|Any CPU
		{9CC24B89-3133-4562-882B-6E66ACE00971}.Release|x64.ActiveCfg = Release|Any CPU
		{9CC24B89-3133-4562-882B-6E66ACE00971}.Release|x64.Build.0 = Release|Any CPU
		{F62CC0C3-7F74-4678-BC1D-169FEB97F813}.Debug|Any CPU.ActiveCfg = Debug|Any CPU
		{F62CC0C3-7F74-4678-BC1D-169FEB97F813}.Debug|Any CPU.Build.0 = Debug|Any CPU
		{F62CC0C3-7F74-4678-BC1D-169FEB97F813}.Debug|x64.ActiveCfg = Debug|Any CPU
		{F62CC0C3-7F74-4678-BC1D-169FEB97F813}.Debug|x64.Build.0 = Debug|Any CPU
		{F62CC0C3-7F74-4678-BC1D-169FEB97F813}.Release|Any CPU.ActiveCfg = Release|Any CPU
		{F62CC0C3-7F74-4678-BC1D-169FEB97F813}.Release|Any CPU.Build.0 = Release|Any CPU
		{F62CC0C3-7F74-4678-BC1D-169FEB97F813}.Release|x64.ActiveCfg = Release|Any CPU
		{F62CC0C3-7F74-4678-BC1D-169FEB97F813}.Release|x64.Build.0 = Release|Any CPU
		{0010421B-7A12-408D-BB0B-BE7FEDA732FC}.Debug|Any CPU.ActiveCfg = Debug|Any CPU
		{0010421B-7A12-408D-BB0B-BE7FEDA732FC}.Debug|Any CPU.Build.0 = Debug|Any CPU
		{0010421B-7A12-408D-BB0B-BE7FEDA732FC}.Debug|x64.ActiveCfg = Debug|Any CPU
		{0010421B-7A12-408D-BB0B-BE7FEDA732FC}.Debug|x64.Build.0 = Debug|Any CPU
		{0010421B-7A12-408D-BB0B-BE7FEDA732FC}.Release|Any CPU.ActiveCfg = Release|Any CPU
		{0010421B-7A12-408D-BB0B-BE7FEDA732FC}.Release|Any CPU.Build.0 = Release|Any CPU
		{0010421B-7A12-408D-BB0B-BE7FEDA732FC}.Release|x64.ActiveCfg = Release|Any CPU
		{0010421B-7A12-408D-BB0B-BE7FEDA732FC}.Release|x64.Build.0 = Release|Any CPU
		{22B1C19B-7D5F-49CD-97F8-D11E28BFEE01}.Debug|Any CPU.ActiveCfg = Debug|Any CPU
		{22B1C19B-7D5F-49CD-97F8-D11E28BFEE01}.Debug|Any CPU.Build.0 = Debug|Any CPU
		{22B1C19B-7D5F-49CD-97F8-D11E28BFEE01}.Debug|x64.ActiveCfg = Debug|Any CPU
		{22B1C19B-7D5F-49CD-97F8-D11E28BFEE01}.Debug|x64.Build.0 = Debug|Any CPU
		{22B1C19B-7D5F-49CD-97F8-D11E28BFEE01}.Release|Any CPU.ActiveCfg = Release|Any CPU
		{22B1C19B-7D5F-49CD-97F8-D11E28BFEE01}.Release|Any CPU.Build.0 = Release|Any CPU
		{22B1C19B-7D5F-49CD-97F8-D11E28BFEE01}.Release|x64.ActiveCfg = Release|Any CPU
		{22B1C19B-7D5F-49CD-97F8-D11E28BFEE01}.Release|x64.Build.0 = Release|Any CPU
		{C60EB498-E61B-48DE-B39F-B1231443FF8C}.Debug|Any CPU.ActiveCfg = Debug|Any CPU
		{C60EB498-E61B-48DE-B39F-B1231443FF8C}.Debug|Any CPU.Build.0 = Debug|Any CPU
		{C60EB498-E61B-48DE-B39F-B1231443FF8C}.Debug|x64.ActiveCfg = Debug|Any CPU
		{C60EB498-E61B-48DE-B39F-B1231443FF8C}.Debug|x64.Build.0 = Debug|Any CPU
		{C60EB498-E61B-48DE-B39F-B1231443FF8C}.Release|Any CPU.ActiveCfg = Release|Any CPU
		{C60EB498-E61B-48DE-B39F-B1231443FF8C}.Release|Any CPU.Build.0 = Release|Any CPU
		{C60EB498-E61B-48DE-B39F-B1231443FF8C}.Release|x64.ActiveCfg = Release|Any CPU
		{C60EB498-E61B-48DE-B39F-B1231443FF8C}.Release|x64.Build.0 = Release|Any CPU
		{F93DA578-F24A-45A5-BFA6-C712CFCD6DB4}.Debug|Any CPU.ActiveCfg = Debug|Any CPU
		{F93DA578-F24A-45A5-BFA6-C712CFCD6DB4}.Debug|Any CPU.Build.0 = Debug|Any CPU
		{F93DA578-F24A-45A5-BFA6-C712CFCD6DB4}.Debug|x64.ActiveCfg = Debug|Any CPU
		{F93DA578-F24A-45A5-BFA6-C712CFCD6DB4}.Debug|x64.Build.0 = Debug|Any CPU
		{F93DA578-F24A-45A5-BFA6-C712CFCD6DB4}.Release|Any CPU.ActiveCfg = Release|Any CPU
		{F93DA578-F24A-45A5-BFA6-C712CFCD6DB4}.Release|Any CPU.Build.0 = Release|Any CPU
		{F93DA578-F24A-45A5-BFA6-C712CFCD6DB4}.Release|x64.ActiveCfg = Release|Any CPU
		{F93DA578-F24A-45A5-BFA6-C712CFCD6DB4}.Release|x64.Build.0 = Release|Any CPU
		{CAA88184-CE6A-4EEC-BBF7-7E825EFA9C00}.Debug|Any CPU.ActiveCfg = Debug|Any CPU
		{CAA88184-CE6A-4EEC-BBF7-7E825EFA9C00}.Debug|Any CPU.Build.0 = Debug|Any CPU
		{CAA88184-CE6A-4EEC-BBF7-7E825EFA9C00}.Debug|x64.ActiveCfg = Debug|Any CPU
		{CAA88184-CE6A-4EEC-BBF7-7E825EFA9C00}.Debug|x64.Build.0 = Debug|Any CPU
		{CAA88184-CE6A-4EEC-BBF7-7E825EFA9C00}.Release|Any CPU.ActiveCfg = Release|Any CPU
		{CAA88184-CE6A-4EEC-BBF7-7E825EFA9C00}.Release|Any CPU.Build.0 = Release|Any CPU
		{CAA88184-CE6A-4EEC-BBF7-7E825EFA9C00}.Release|x64.ActiveCfg = Release|Any CPU
		{CAA88184-CE6A-4EEC-BBF7-7E825EFA9C00}.Release|x64.Build.0 = Release|Any CPU
		{6148889A-EE01-420C-A3C3-1D2DCECFD465}.Debug|Any CPU.ActiveCfg = Debug|Any CPU
		{6148889A-EE01-420C-A3C3-1D2DCECFD465}.Debug|Any CPU.Build.0 = Debug|Any CPU
		{6148889A-EE01-420C-A3C3-1D2DCECFD465}.Debug|x64.ActiveCfg = Debug|Any CPU
		{6148889A-EE01-420C-A3C3-1D2DCECFD465}.Debug|x64.Build.0 = Debug|Any CPU
		{6148889A-EE01-420C-A3C3-1D2DCECFD465}.Release|Any CPU.ActiveCfg = Release|Any CPU
		{6148889A-EE01-420C-A3C3-1D2DCECFD465}.Release|Any CPU.Build.0 = Release|Any CPU
		{6148889A-EE01-420C-A3C3-1D2DCECFD465}.Release|x64.ActiveCfg = Release|Any CPU
		{6148889A-EE01-420C-A3C3-1D2DCECFD465}.Release|x64.Build.0 = Release|Any CPU
		{0CFE7213-0A00-4E56-B09B-B90717C6A72A}.Debug|Any CPU.ActiveCfg = Debug|Any CPU
		{0CFE7213-0A00-4E56-B09B-B90717C6A72A}.Debug|Any CPU.Build.0 = Debug|Any CPU
		{0CFE7213-0A00-4E56-B09B-B90717C6A72A}.Debug|x64.ActiveCfg = Debug|Any CPU
		{0CFE7213-0A00-4E56-B09B-B90717C6A72A}.Debug|x64.Build.0 = Debug|Any CPU
		{0CFE7213-0A00-4E56-B09B-B90717C6A72A}.Release|Any CPU.ActiveCfg = Release|Any CPU
		{0CFE7213-0A00-4E56-B09B-B90717C6A72A}.Release|Any CPU.Build.0 = Release|Any CPU
		{0CFE7213-0A00-4E56-B09B-B90717C6A72A}.Release|x64.ActiveCfg = Release|Any CPU
		{0CFE7213-0A00-4E56-B09B-B90717C6A72A}.Release|x64.Build.0 = Release|Any CPU
		{BB59374A-0DFE-4AA6-A6CA-75949AB761F1}.Debug|Any CPU.ActiveCfg = Debug|Any CPU
		{BB59374A-0DFE-4AA6-A6CA-75949AB761F1}.Debug|Any CPU.Build.0 = Debug|Any CPU
		{BB59374A-0DFE-4AA6-A6CA-75949AB761F1}.Debug|x64.ActiveCfg = Debug|Any CPU
		{BB59374A-0DFE-4AA6-A6CA-75949AB761F1}.Debug|x64.Build.0 = Debug|Any CPU
		{BB59374A-0DFE-4AA6-A6CA-75949AB761F1}.Release|Any CPU.ActiveCfg = Release|Any CPU
		{BB59374A-0DFE-4AA6-A6CA-75949AB761F1}.Release|Any CPU.Build.0 = Release|Any CPU
		{BB59374A-0DFE-4AA6-A6CA-75949AB761F1}.Release|x64.ActiveCfg = Release|Any CPU
		{BB59374A-0DFE-4AA6-A6CA-75949AB761F1}.Release|x64.Build.0 = Release|Any CPU
		{A541696A-E018-43BB-AC7D-3E0D3C14A92F}.Debug|Any CPU.ActiveCfg = Debug|Any CPU
		{A541696A-E018-43BB-AC7D-3E0D3C14A92F}.Debug|Any CPU.Build.0 = Debug|Any CPU
		{A541696A-E018-43BB-AC7D-3E0D3C14A92F}.Debug|x64.ActiveCfg = Debug|Any CPU
		{A541696A-E018-43BB-AC7D-3E0D3C14A92F}.Debug|x64.Build.0 = Debug|Any CPU
		{A541696A-E018-43BB-AC7D-3E0D3C14A92F}.Release|Any CPU.ActiveCfg = Release|Any CPU
		{A541696A-E018-43BB-AC7D-3E0D3C14A92F}.Release|Any CPU.Build.0 = Release|Any CPU
		{A541696A-E018-43BB-AC7D-3E0D3C14A92F}.Release|x64.ActiveCfg = Release|Any CPU
		{A541696A-E018-43BB-AC7D-3E0D3C14A92F}.Release|x64.Build.0 = Release|Any CPU
		{24228CE0-538C-457A-936E-27D17A6F0A09}.Debug|Any CPU.ActiveCfg = Debug|Any CPU
		{24228CE0-538C-457A-936E-27D17A6F0A09}.Debug|Any CPU.Build.0 = Debug|Any CPU
		{24228CE0-538C-457A-936E-27D17A6F0A09}.Debug|x64.ActiveCfg = Debug|Any CPU
		{24228CE0-538C-457A-936E-27D17A6F0A09}.Debug|x64.Build.0 = Debug|Any CPU
		{24228CE0-538C-457A-936E-27D17A6F0A09}.Release|Any CPU.ActiveCfg = Release|Any CPU
		{24228CE0-538C-457A-936E-27D17A6F0A09}.Release|Any CPU.Build.0 = Release|Any CPU
		{24228CE0-538C-457A-936E-27D17A6F0A09}.Release|x64.ActiveCfg = Release|Any CPU
		{24228CE0-538C-457A-936E-27D17A6F0A09}.Release|x64.Build.0 = Release|Any CPU
		{26049A4D-9E08-4B68-AB92-68257BA11A69}.Debug|Any CPU.ActiveCfg = Debug|Any CPU
		{26049A4D-9E08-4B68-AB92-68257BA11A69}.Debug|Any CPU.Build.0 = Debug|Any CPU
		{26049A4D-9E08-4B68-AB92-68257BA11A69}.Debug|x64.ActiveCfg = Debug|Any CPU
		{26049A4D-9E08-4B68-AB92-68257BA11A69}.Debug|x64.Build.0 = Debug|Any CPU
		{26049A4D-9E08-4B68-AB92-68257BA11A69}.Release|Any CPU.ActiveCfg = Release|Any CPU
		{26049A4D-9E08-4B68-AB92-68257BA11A69}.Release|Any CPU.Build.0 = Release|Any CPU
		{26049A4D-9E08-4B68-AB92-68257BA11A69}.Release|x64.ActiveCfg = Release|Any CPU
		{26049A4D-9E08-4B68-AB92-68257BA11A69}.Release|x64.Build.0 = Release|Any CPU
		{7B9192BA-8BAA-4D11-930B-3784CAA9357B}.Debug|Any CPU.ActiveCfg = Debug|Any CPU
		{7B9192BA-8BAA-4D11-930B-3784CAA9357B}.Debug|Any CPU.Build.0 = Debug|Any CPU
		{7B9192BA-8BAA-4D11-930B-3784CAA9357B}.Debug|x64.ActiveCfg = Debug|Any CPU
		{7B9192BA-8BAA-4D11-930B-3784CAA9357B}.Debug|x64.Build.0 = Debug|Any CPU
		{7B9192BA-8BAA-4D11-930B-3784CAA9357B}.Release|Any CPU.ActiveCfg = Release|Any CPU
		{7B9192BA-8BAA-4D11-930B-3784CAA9357B}.Release|Any CPU.Build.0 = Release|Any CPU
		{7B9192BA-8BAA-4D11-930B-3784CAA9357B}.Release|x64.ActiveCfg = Release|Any CPU
		{7B9192BA-8BAA-4D11-930B-3784CAA9357B}.Release|x64.Build.0 = Release|Any CPU
		{8433612C-5AA2-4B12-8498-4A658B6E9196}.Debug|Any CPU.ActiveCfg = Debug|Any CPU
		{8433612C-5AA2-4B12-8498-4A658B6E9196}.Debug|Any CPU.Build.0 = Debug|Any CPU
		{8433612C-5AA2-4B12-8498-4A658B6E9196}.Debug|x64.ActiveCfg = Debug|Any CPU
		{8433612C-5AA2-4B12-8498-4A658B6E9196}.Debug|x64.Build.0 = Debug|Any CPU
		{8433612C-5AA2-4B12-8498-4A658B6E9196}.Release|Any CPU.ActiveCfg = Release|Any CPU
		{8433612C-5AA2-4B12-8498-4A658B6E9196}.Release|Any CPU.Build.0 = Release|Any CPU
		{8433612C-5AA2-4B12-8498-4A658B6E9196}.Release|x64.ActiveCfg = Release|Any CPU
		{8433612C-5AA2-4B12-8498-4A658B6E9196}.Release|x64.Build.0 = Release|Any CPU
		{A6863875-F452-4799-962A-DD5B997FA2E6}.Debug|Any CPU.ActiveCfg = Debug|Any CPU
		{A6863875-F452-4799-962A-DD5B997FA2E6}.Debug|Any CPU.Build.0 = Debug|Any CPU
		{A6863875-F452-4799-962A-DD5B997FA2E6}.Debug|x64.ActiveCfg = Debug|Any CPU
		{A6863875-F452-4799-962A-DD5B997FA2E6}.Debug|x64.Build.0 = Debug|Any CPU
		{A6863875-F452-4799-962A-DD5B997FA2E6}.Release|Any CPU.ActiveCfg = Release|Any CPU
		{A6863875-F452-4799-962A-DD5B997FA2E6}.Release|Any CPU.Build.0 = Release|Any CPU
		{A6863875-F452-4799-962A-DD5B997FA2E6}.Release|x64.ActiveCfg = Release|Any CPU
		{A6863875-F452-4799-962A-DD5B997FA2E6}.Release|x64.Build.0 = Release|Any CPU
		{5ECF7DEA-FDF6-4E33-85F7-7CFB68157C30}.Debug|Any CPU.ActiveCfg = Debug|Any CPU
		{5ECF7DEA-FDF6-4E33-85F7-7CFB68157C30}.Debug|Any CPU.Build.0 = Debug|Any CPU
		{5ECF7DEA-FDF6-4E33-85F7-7CFB68157C30}.Debug|x64.ActiveCfg = Debug|Any CPU
		{5ECF7DEA-FDF6-4E33-85F7-7CFB68157C30}.Debug|x64.Build.0 = Debug|Any CPU
		{5ECF7DEA-FDF6-4E33-85F7-7CFB68157C30}.Release|Any CPU.ActiveCfg = Release|Any CPU
		{5ECF7DEA-FDF6-4E33-85F7-7CFB68157C30}.Release|Any CPU.Build.0 = Release|Any CPU
		{5ECF7DEA-FDF6-4E33-85F7-7CFB68157C30}.Release|x64.ActiveCfg = Release|Any CPU
		{5ECF7DEA-FDF6-4E33-85F7-7CFB68157C30}.Release|x64.Build.0 = Release|Any CPU
		{8A3AD4AE-8BC6-4DD0-B8F5-A76FEE442A40}.Debug|Any CPU.ActiveCfg = Debug|Any CPU
		{8A3AD4AE-8BC6-4DD0-B8F5-A76FEE442A40}.Debug|Any CPU.Build.0 = Debug|Any CPU
		{8A3AD4AE-8BC6-4DD0-B8F5-A76FEE442A40}.Debug|x64.ActiveCfg = Debug|Any CPU
		{8A3AD4AE-8BC6-4DD0-B8F5-A76FEE442A40}.Debug|x64.Build.0 = Debug|Any CPU
		{8A3AD4AE-8BC6-4DD0-B8F5-A76FEE442A40}.Release|Any CPU.ActiveCfg = Release|Any CPU
		{8A3AD4AE-8BC6-4DD0-B8F5-A76FEE442A40}.Release|Any CPU.Build.0 = Release|Any CPU
		{8A3AD4AE-8BC6-4DD0-B8F5-A76FEE442A40}.Release|x64.ActiveCfg = Release|Any CPU
		{8A3AD4AE-8BC6-4DD0-B8F5-A76FEE442A40}.Release|x64.Build.0 = Release|Any CPU
		{3B27962E-9489-481B-BF22-D542B7B1465F}.Debug|Any CPU.ActiveCfg = Debug|Any CPU
		{3B27962E-9489-481B-BF22-D542B7B1465F}.Debug|Any CPU.Build.0 = Debug|Any CPU
		{3B27962E-9489-481B-BF22-D542B7B1465F}.Debug|x64.ActiveCfg = Debug|Any CPU
		{3B27962E-9489-481B-BF22-D542B7B1465F}.Debug|x64.Build.0 = Debug|Any CPU
		{3B27962E-9489-481B-BF22-D542B7B1465F}.Release|Any CPU.ActiveCfg = Release|Any CPU
		{3B27962E-9489-481B-BF22-D542B7B1465F}.Release|Any CPU.Build.0 = Release|Any CPU
		{3B27962E-9489-481B-BF22-D542B7B1465F}.Release|x64.ActiveCfg = Release|Any CPU
		{3B27962E-9489-481B-BF22-D542B7B1465F}.Release|x64.Build.0 = Release|Any CPU
		{2BB4FCE3-34BA-4E0C-98F7-028BE026D62D}.Debug|Any CPU.ActiveCfg = Debug|Any CPU
		{2BB4FCE3-34BA-4E0C-98F7-028BE026D62D}.Debug|Any CPU.Build.0 = Debug|Any CPU
		{2BB4FCE3-34BA-4E0C-98F7-028BE026D62D}.Debug|x64.ActiveCfg = Debug|Any CPU
		{2BB4FCE3-34BA-4E0C-98F7-028BE026D62D}.Debug|x64.Build.0 = Debug|Any CPU
		{2BB4FCE3-34BA-4E0C-98F7-028BE026D62D}.Release|Any CPU.ActiveCfg = Release|Any CPU
		{2BB4FCE3-34BA-4E0C-98F7-028BE026D62D}.Release|Any CPU.Build.0 = Release|Any CPU
		{2BB4FCE3-34BA-4E0C-98F7-028BE026D62D}.Release|x64.ActiveCfg = Release|Any CPU
		{2BB4FCE3-34BA-4E0C-98F7-028BE026D62D}.Release|x64.Build.0 = Release|Any CPU
		{AD5B9BC9-9870-4E12-99B1-69CBA7ECEF34}.Debug|Any CPU.ActiveCfg = Debug|Any CPU
		{AD5B9BC9-9870-4E12-99B1-69CBA7ECEF34}.Debug|Any CPU.Build.0 = Debug|Any CPU
		{AD5B9BC9-9870-4E12-99B1-69CBA7ECEF34}.Debug|x64.ActiveCfg = Debug|Any CPU
		{AD5B9BC9-9870-4E12-99B1-69CBA7ECEF34}.Debug|x64.Build.0 = Debug|Any CPU
		{AD5B9BC9-9870-4E12-99B1-69CBA7ECEF34}.Release|Any CPU.ActiveCfg = Release|Any CPU
		{AD5B9BC9-9870-4E12-99B1-69CBA7ECEF34}.Release|Any CPU.Build.0 = Release|Any CPU
		{AD5B9BC9-9870-4E12-99B1-69CBA7ECEF34}.Release|x64.ActiveCfg = Release|Any CPU
		{AD5B9BC9-9870-4E12-99B1-69CBA7ECEF34}.Release|x64.Build.0 = Release|Any CPU
		{50F959EB-AA90-45FE-81A0-239F7078134C}.Debug|Any CPU.ActiveCfg = Debug|Any CPU
		{50F959EB-AA90-45FE-81A0-239F7078134C}.Debug|Any CPU.Build.0 = Debug|Any CPU
		{50F959EB-AA90-45FE-81A0-239F7078134C}.Debug|x64.ActiveCfg = Debug|Any CPU
		{50F959EB-AA90-45FE-81A0-239F7078134C}.Debug|x64.Build.0 = Debug|Any CPU
		{50F959EB-AA90-45FE-81A0-239F7078134C}.Release|Any CPU.ActiveCfg = Release|Any CPU
		{50F959EB-AA90-45FE-81A0-239F7078134C}.Release|Any CPU.Build.0 = Release|Any CPU
		{50F959EB-AA90-45FE-81A0-239F7078134C}.Release|x64.ActiveCfg = Release|Any CPU
		{50F959EB-AA90-45FE-81A0-239F7078134C}.Release|x64.Build.0 = Release|Any CPU
		{223C3EEA-E1D9-4818-BC5B-49DC93B7E6FE}.Debug|Any CPU.ActiveCfg = Debug|Any CPU
		{223C3EEA-E1D9-4818-BC5B-49DC93B7E6FE}.Debug|Any CPU.Build.0 = Debug|Any CPU
		{223C3EEA-E1D9-4818-BC5B-49DC93B7E6FE}.Debug|x64.ActiveCfg = Debug|Any CPU
		{223C3EEA-E1D9-4818-BC5B-49DC93B7E6FE}.Debug|x64.Build.0 = Debug|Any CPU
		{223C3EEA-E1D9-4818-BC5B-49DC93B7E6FE}.Release|Any CPU.ActiveCfg = Release|Any CPU
		{223C3EEA-E1D9-4818-BC5B-49DC93B7E6FE}.Release|Any CPU.Build.0 = Release|Any CPU
		{223C3EEA-E1D9-4818-BC5B-49DC93B7E6FE}.Release|x64.ActiveCfg = Release|Any CPU
		{223C3EEA-E1D9-4818-BC5B-49DC93B7E6FE}.Release|x64.Build.0 = Release|Any CPU
		{56214700-1DBB-43E3-A8BD-67221CEDF0BE}.Debug|Any CPU.ActiveCfg = Debug|Any CPU
		{56214700-1DBB-43E3-A8BD-67221CEDF0BE}.Debug|Any CPU.Build.0 = Debug|Any CPU
		{56214700-1DBB-43E3-A8BD-67221CEDF0BE}.Debug|x64.ActiveCfg = Debug|x64
		{56214700-1DBB-43E3-A8BD-67221CEDF0BE}.Debug|x64.Build.0 = Debug|x64
		{56214700-1DBB-43E3-A8BD-67221CEDF0BE}.Release|Any CPU.ActiveCfg = Release|Any CPU
		{56214700-1DBB-43E3-A8BD-67221CEDF0BE}.Release|Any CPU.Build.0 = Release|Any CPU
		{56214700-1DBB-43E3-A8BD-67221CEDF0BE}.Release|x64.ActiveCfg = Release|x64
		{56214700-1DBB-43E3-A8BD-67221CEDF0BE}.Release|x64.Build.0 = Release|x64
		{39B2319A-32F1-4C4A-9C24-B3CAC57A108D}.Debug|Any CPU.ActiveCfg = Debug|Any CPU
		{39B2319A-32F1-4C4A-9C24-B3CAC57A108D}.Debug|Any CPU.Build.0 = Debug|Any CPU
		{39B2319A-32F1-4C4A-9C24-B3CAC57A108D}.Debug|x64.ActiveCfg = Debug|Any CPU
		{39B2319A-32F1-4C4A-9C24-B3CAC57A108D}.Debug|x64.Build.0 = Debug|Any CPU
		{39B2319A-32F1-4C4A-9C24-B3CAC57A108D}.Release|Any CPU.ActiveCfg = Release|Any CPU
		{39B2319A-32F1-4C4A-9C24-B3CAC57A108D}.Release|Any CPU.Build.0 = Release|Any CPU
		{39B2319A-32F1-4C4A-9C24-B3CAC57A108D}.Release|x64.ActiveCfg = Release|Any CPU
		{39B2319A-32F1-4C4A-9C24-B3CAC57A108D}.Release|x64.Build.0 = Release|Any CPU
		{40E93964-479D-4B70-884D-BDBC5FC444E2}.Debug|Any CPU.ActiveCfg = Debug|Any CPU
		{40E93964-479D-4B70-884D-BDBC5FC444E2}.Debug|Any CPU.Build.0 = Debug|Any CPU
		{40E93964-479D-4B70-884D-BDBC5FC444E2}.Debug|x64.ActiveCfg = Debug|Any CPU
		{40E93964-479D-4B70-884D-BDBC5FC444E2}.Debug|x64.Build.0 = Debug|Any CPU
		{40E93964-479D-4B70-884D-BDBC5FC444E2}.Release|Any CPU.ActiveCfg = Release|Any CPU
		{40E93964-479D-4B70-884D-BDBC5FC444E2}.Release|Any CPU.Build.0 = Release|Any CPU
		{40E93964-479D-4B70-884D-BDBC5FC444E2}.Release|x64.ActiveCfg = Release|Any CPU
		{40E93964-479D-4B70-884D-BDBC5FC444E2}.Release|x64.Build.0 = Release|Any CPU
		{1F379265-C0AB-4991-AEE7-E7F53F43A058}.Debug|Any CPU.ActiveCfg = Debug|Any CPU
		{1F379265-C0AB-4991-AEE7-E7F53F43A058}.Debug|Any CPU.Build.0 = Debug|Any CPU
		{1F379265-C0AB-4991-AEE7-E7F53F43A058}.Debug|x64.ActiveCfg = Debug|Any CPU
		{1F379265-C0AB-4991-AEE7-E7F53F43A058}.Debug|x64.Build.0 = Debug|Any CPU
		{1F379265-C0AB-4991-AEE7-E7F53F43A058}.Release|Any CPU.ActiveCfg = Release|Any CPU
		{1F379265-C0AB-4991-AEE7-E7F53F43A058}.Release|Any CPU.Build.0 = Release|Any CPU
		{1F379265-C0AB-4991-AEE7-E7F53F43A058}.Release|x64.ActiveCfg = Release|Any CPU
		{1F379265-C0AB-4991-AEE7-E7F53F43A058}.Release|x64.Build.0 = Release|Any CPU
		{1DFB4399-1867-4A7A-9DC6-DA2ED4E2A45F}.Debug|Any CPU.ActiveCfg = Debug|Any CPU
		{1DFB4399-1867-4A7A-9DC6-DA2ED4E2A45F}.Debug|Any CPU.Build.0 = Debug|Any CPU
		{1DFB4399-1867-4A7A-9DC6-DA2ED4E2A45F}.Debug|x64.ActiveCfg = Debug|Any CPU
		{1DFB4399-1867-4A7A-9DC6-DA2ED4E2A45F}.Debug|x64.Build.0 = Debug|Any CPU
		{1DFB4399-1867-4A7A-9DC6-DA2ED4E2A45F}.Release|Any CPU.ActiveCfg = Release|Any CPU
		{1DFB4399-1867-4A7A-9DC6-DA2ED4E2A45F}.Release|Any CPU.Build.0 = Release|Any CPU
		{1DFB4399-1867-4A7A-9DC6-DA2ED4E2A45F}.Release|x64.ActiveCfg = Release|Any CPU
		{1DFB4399-1867-4A7A-9DC6-DA2ED4E2A45F}.Release|x64.Build.0 = Release|Any CPU
		{05E0AA89-DA36-4003-9C66-585BD261F973}.Debug|Any CPU.ActiveCfg = Debug|Any CPU
		{05E0AA89-DA36-4003-9C66-585BD261F973}.Debug|Any CPU.Build.0 = Debug|Any CPU
		{05E0AA89-DA36-4003-9C66-585BD261F973}.Debug|x64.ActiveCfg = Debug|Any CPU
		{05E0AA89-DA36-4003-9C66-585BD261F973}.Debug|x64.Build.0 = Debug|Any CPU
		{05E0AA89-DA36-4003-9C66-585BD261F973}.Release|Any CPU.ActiveCfg = Release|Any CPU
		{05E0AA89-DA36-4003-9C66-585BD261F973}.Release|Any CPU.Build.0 = Release|Any CPU
		{05E0AA89-DA36-4003-9C66-585BD261F973}.Release|x64.ActiveCfg = Release|Any CPU
		{05E0AA89-DA36-4003-9C66-585BD261F973}.Release|x64.Build.0 = Release|Any CPU
		{0E9117AC-4BF8-4833-98EA-ADE361EE9935}.Debug|Any CPU.ActiveCfg = Debug|Any CPU
		{0E9117AC-4BF8-4833-98EA-ADE361EE9935}.Debug|Any CPU.Build.0 = Debug|Any CPU
		{0E9117AC-4BF8-4833-98EA-ADE361EE9935}.Debug|x64.ActiveCfg = Debug|Any CPU
		{0E9117AC-4BF8-4833-98EA-ADE361EE9935}.Debug|x64.Build.0 = Debug|Any CPU
		{0E9117AC-4BF8-4833-98EA-ADE361EE9935}.Release|Any CPU.ActiveCfg = Release|Any CPU
		{0E9117AC-4BF8-4833-98EA-ADE361EE9935}.Release|Any CPU.Build.0 = Release|Any CPU
		{0E9117AC-4BF8-4833-98EA-ADE361EE9935}.Release|x64.ActiveCfg = Release|Any CPU
		{0E9117AC-4BF8-4833-98EA-ADE361EE9935}.Release|x64.Build.0 = Release|Any CPU
		{0A8F96B8-AA4B-45EC-B5C1-FDAEB06B4FB9}.Debug|Any CPU.ActiveCfg = Debug|Any CPU
		{0A8F96B8-AA4B-45EC-B5C1-FDAEB06B4FB9}.Debug|Any CPU.Build.0 = Debug|Any CPU
		{0A8F96B8-AA4B-45EC-B5C1-FDAEB06B4FB9}.Debug|x64.ActiveCfg = Debug|Any CPU
		{0A8F96B8-AA4B-45EC-B5C1-FDAEB06B4FB9}.Debug|x64.Build.0 = Debug|Any CPU
		{0A8F96B8-AA4B-45EC-B5C1-FDAEB06B4FB9}.Release|Any CPU.ActiveCfg = Release|Any CPU
		{0A8F96B8-AA4B-45EC-B5C1-FDAEB06B4FB9}.Release|Any CPU.Build.0 = Release|Any CPU
		{0A8F96B8-AA4B-45EC-B5C1-FDAEB06B4FB9}.Release|x64.ActiveCfg = Release|Any CPU
		{0A8F96B8-AA4B-45EC-B5C1-FDAEB06B4FB9}.Release|x64.Build.0 = Release|Any CPU
		{C9686E7B-1B2D-4454-827B-03CB407ECB2B}.Debug|Any CPU.ActiveCfg = Debug|Any CPU
		{C9686E7B-1B2D-4454-827B-03CB407ECB2B}.Debug|Any CPU.Build.0 = Debug|Any CPU
		{C9686E7B-1B2D-4454-827B-03CB407ECB2B}.Debug|x64.ActiveCfg = Debug|x64
		{C9686E7B-1B2D-4454-827B-03CB407ECB2B}.Debug|x64.Build.0 = Debug|x64
		{C9686E7B-1B2D-4454-827B-03CB407ECB2B}.Release|Any CPU.ActiveCfg = Release|x64
		{C9686E7B-1B2D-4454-827B-03CB407ECB2B}.Release|Any CPU.Build.0 = Release|x64
		{C9686E7B-1B2D-4454-827B-03CB407ECB2B}.Release|x64.ActiveCfg = Release|x64
		{C9686E7B-1B2D-4454-827B-03CB407ECB2B}.Release|x64.Build.0 = Release|x64
		{98805E9C-FFA2-4456-B293-E4C6BCE1ADC9}.Debug|Any CPU.ActiveCfg = Debug|Any CPU
		{98805E9C-FFA2-4456-B293-E4C6BCE1ADC9}.Debug|Any CPU.Build.0 = Debug|Any CPU
		{98805E9C-FFA2-4456-B293-E4C6BCE1ADC9}.Debug|x64.ActiveCfg = Debug|Any CPU
		{98805E9C-FFA2-4456-B293-E4C6BCE1ADC9}.Debug|x64.Build.0 = Debug|Any CPU
		{98805E9C-FFA2-4456-B293-E4C6BCE1ADC9}.Release|Any CPU.ActiveCfg = Release|Any CPU
		{98805E9C-FFA2-4456-B293-E4C6BCE1ADC9}.Release|Any CPU.Build.0 = Release|Any CPU
		{98805E9C-FFA2-4456-B293-E4C6BCE1ADC9}.Release|x64.ActiveCfg = Release|Any CPU
		{98805E9C-FFA2-4456-B293-E4C6BCE1ADC9}.Release|x64.Build.0 = Release|Any CPU
		{771CA6B7-5183-4938-8BD5-775A1759F4AC}.Debug|Any CPU.ActiveCfg = Debug|Any CPU
		{771CA6B7-5183-4938-8BD5-775A1759F4AC}.Debug|Any CPU.Build.0 = Debug|Any CPU
		{771CA6B7-5183-4938-8BD5-775A1759F4AC}.Debug|x64.ActiveCfg = Debug|Any CPU
		{771CA6B7-5183-4938-8BD5-775A1759F4AC}.Debug|x64.Build.0 = Debug|Any CPU
		{771CA6B7-5183-4938-8BD5-775A1759F4AC}.Release|Any CPU.ActiveCfg = Release|Any CPU
		{771CA6B7-5183-4938-8BD5-775A1759F4AC}.Release|Any CPU.Build.0 = Release|Any CPU
		{771CA6B7-5183-4938-8BD5-775A1759F4AC}.Release|x64.ActiveCfg = Release|Any CPU
		{771CA6B7-5183-4938-8BD5-775A1759F4AC}.Release|x64.Build.0 = Release|Any CPU
		{5AB49997-4FDB-403E-AA59-9DF86F565CB4}.Debug|Any CPU.ActiveCfg = Debug|Any CPU
		{5AB49997-4FDB-403E-AA59-9DF86F565CB4}.Debug|Any CPU.Build.0 = Debug|Any CPU
		{5AB49997-4FDB-403E-AA59-9DF86F565CB4}.Debug|x64.ActiveCfg = Debug|Any CPU
		{5AB49997-4FDB-403E-AA59-9DF86F565CB4}.Debug|x64.Build.0 = Debug|Any CPU
		{5AB49997-4FDB-403E-AA59-9DF86F565CB4}.Release|Any CPU.ActiveCfg = Release|Any CPU
		{5AB49997-4FDB-403E-AA59-9DF86F565CB4}.Release|Any CPU.Build.0 = Release|Any CPU
		{5AB49997-4FDB-403E-AA59-9DF86F565CB4}.Release|x64.ActiveCfg = Release|Any CPU
		{5AB49997-4FDB-403E-AA59-9DF86F565CB4}.Release|x64.Build.0 = Release|Any CPU
		{A2F92FBD-C9DB-4C49-BCFD-FBD27ADD787C}.Debug|Any CPU.ActiveCfg = Debug|Any CPU
		{A2F92FBD-C9DB-4C49-BCFD-FBD27ADD787C}.Debug|Any CPU.Build.0 = Debug|Any CPU
		{A2F92FBD-C9DB-4C49-BCFD-FBD27ADD787C}.Debug|x64.ActiveCfg = Debug|Any CPU
		{A2F92FBD-C9DB-4C49-BCFD-FBD27ADD787C}.Debug|x64.Build.0 = Debug|Any CPU
		{A2F92FBD-C9DB-4C49-BCFD-FBD27ADD787C}.Release|Any CPU.ActiveCfg = Release|Any CPU
		{A2F92FBD-C9DB-4C49-BCFD-FBD27ADD787C}.Release|Any CPU.Build.0 = Release|Any CPU
		{A2F92FBD-C9DB-4C49-BCFD-FBD27ADD787C}.Release|x64.ActiveCfg = Release|Any CPU
		{A2F92FBD-C9DB-4C49-BCFD-FBD27ADD787C}.Release|x64.Build.0 = Release|Any CPU
		{75CCBC12-556B-4EF1-A598-1EEC590F7565}.Debug|Any CPU.ActiveCfg = Debug|Any CPU
		{75CCBC12-556B-4EF1-A598-1EEC590F7565}.Debug|Any CPU.Build.0 = Debug|Any CPU
		{75CCBC12-556B-4EF1-A598-1EEC590F7565}.Debug|x64.ActiveCfg = Debug|Any CPU
		{75CCBC12-556B-4EF1-A598-1EEC590F7565}.Debug|x64.Build.0 = Debug|Any CPU
		{75CCBC12-556B-4EF1-A598-1EEC590F7565}.Release|Any CPU.ActiveCfg = Release|Any CPU
		{75CCBC12-556B-4EF1-A598-1EEC590F7565}.Release|Any CPU.Build.0 = Release|Any CPU
		{75CCBC12-556B-4EF1-A598-1EEC590F7565}.Release|x64.ActiveCfg = Release|Any CPU
		{75CCBC12-556B-4EF1-A598-1EEC590F7565}.Release|x64.Build.0 = Release|Any CPU
		{84D8F103-F4AE-485A-94C5-69C4BA2F89A8}.Debug|Any CPU.ActiveCfg = Debug|Any CPU
		{84D8F103-F4AE-485A-94C5-69C4BA2F89A8}.Debug|Any CPU.Build.0 = Debug|Any CPU
		{84D8F103-F4AE-485A-94C5-69C4BA2F89A8}.Debug|x64.ActiveCfg = Debug|Any CPU
		{84D8F103-F4AE-485A-94C5-69C4BA2F89A8}.Debug|x64.Build.0 = Debug|Any CPU
		{84D8F103-F4AE-485A-94C5-69C4BA2F89A8}.Release|Any CPU.ActiveCfg = Release|Any CPU
		{84D8F103-F4AE-485A-94C5-69C4BA2F89A8}.Release|Any CPU.Build.0 = Release|Any CPU
		{84D8F103-F4AE-485A-94C5-69C4BA2F89A8}.Release|x64.ActiveCfg = Release|Any CPU
		{84D8F103-F4AE-485A-94C5-69C4BA2F89A8}.Release|x64.Build.0 = Release|Any CPU
		{0C0F0D93-51A4-4962-A1F9-7F417BD38686}.Debug|Any CPU.ActiveCfg = Debug|Any CPU
		{0C0F0D93-51A4-4962-A1F9-7F417BD38686}.Debug|Any CPU.Build.0 = Debug|Any CPU
		{0C0F0D93-51A4-4962-A1F9-7F417BD38686}.Debug|x64.ActiveCfg = Debug|Any CPU
		{0C0F0D93-51A4-4962-A1F9-7F417BD38686}.Debug|x64.Build.0 = Debug|Any CPU
		{0C0F0D93-51A4-4962-A1F9-7F417BD38686}.Release|Any CPU.ActiveCfg = Release|Any CPU
		{0C0F0D93-51A4-4962-A1F9-7F417BD38686}.Release|Any CPU.Build.0 = Release|Any CPU
		{0C0F0D93-51A4-4962-A1F9-7F417BD38686}.Release|x64.ActiveCfg = Release|Any CPU
		{0C0F0D93-51A4-4962-A1F9-7F417BD38686}.Release|x64.Build.0 = Release|Any CPU
		{B581628E-6F87-487E-B89A-350626F33EDB}.Debug|Any CPU.ActiveCfg = Debug|Any CPU
		{B581628E-6F87-487E-B89A-350626F33EDB}.Debug|Any CPU.Build.0 = Debug|Any CPU
		{B581628E-6F87-487E-B89A-350626F33EDB}.Debug|x64.ActiveCfg = Debug|Any CPU
		{B581628E-6F87-487E-B89A-350626F33EDB}.Debug|x64.Build.0 = Debug|Any CPU
		{B581628E-6F87-487E-B89A-350626F33EDB}.Release|Any CPU.ActiveCfg = Release|Any CPU
		{B581628E-6F87-487E-B89A-350626F33EDB}.Release|Any CPU.Build.0 = Release|Any CPU
		{B581628E-6F87-487E-B89A-350626F33EDB}.Release|x64.ActiveCfg = Release|Any CPU
		{B581628E-6F87-487E-B89A-350626F33EDB}.Release|x64.Build.0 = Release|Any CPU
		{A8A7A15C-EA86-491B-A5D3-B3366BDA5C98}.Debug|Any CPU.ActiveCfg = Debug|Any CPU
		{A8A7A15C-EA86-491B-A5D3-B3366BDA5C98}.Debug|Any CPU.Build.0 = Debug|Any CPU
		{A8A7A15C-EA86-491B-A5D3-B3366BDA5C98}.Debug|x64.ActiveCfg = Debug|Any CPU
		{A8A7A15C-EA86-491B-A5D3-B3366BDA5C98}.Debug|x64.Build.0 = Debug|Any CPU
		{A8A7A15C-EA86-491B-A5D3-B3366BDA5C98}.Release|Any CPU.ActiveCfg = Release|Any CPU
		{A8A7A15C-EA86-491B-A5D3-B3366BDA5C98}.Release|Any CPU.Build.0 = Release|Any CPU
		{A8A7A15C-EA86-491B-A5D3-B3366BDA5C98}.Release|x64.ActiveCfg = Release|Any CPU
		{A8A7A15C-EA86-491B-A5D3-B3366BDA5C98}.Release|x64.Build.0 = Release|Any CPU
		{E69EFEF9-4CBD-4657-89A1-7FC4A59860B2}.Debug|Any CPU.ActiveCfg = Debug|Any CPU
		{E69EFEF9-4CBD-4657-89A1-7FC4A59860B2}.Debug|Any CPU.Build.0 = Debug|Any CPU
		{E69EFEF9-4CBD-4657-89A1-7FC4A59860B2}.Debug|x64.ActiveCfg = Debug|Any CPU
		{E69EFEF9-4CBD-4657-89A1-7FC4A59860B2}.Debug|x64.Build.0 = Debug|Any CPU
		{E69EFEF9-4CBD-4657-89A1-7FC4A59860B2}.Release|Any CPU.ActiveCfg = Release|Any CPU
		{E69EFEF9-4CBD-4657-89A1-7FC4A59860B2}.Release|Any CPU.Build.0 = Release|Any CPU
		{E69EFEF9-4CBD-4657-89A1-7FC4A59860B2}.Release|x64.ActiveCfg = Release|Any CPU
		{E69EFEF9-4CBD-4657-89A1-7FC4A59860B2}.Release|x64.Build.0 = Release|Any CPU
		{5872AEB3-BAA3-FE31-B0EB-0FB6DBEDCF83}.Debug|Any CPU.ActiveCfg = Debug|Any CPU
		{5872AEB3-BAA3-FE31-B0EB-0FB6DBEDCF83}.Debug|Any CPU.Build.0 = Debug|Any CPU
		{5872AEB3-BAA3-FE31-B0EB-0FB6DBEDCF83}.Debug|x64.ActiveCfg = Debug|Any CPU
		{5872AEB3-BAA3-FE31-B0EB-0FB6DBEDCF83}.Debug|x64.Build.0 = Debug|Any CPU
		{5872AEB3-BAA3-FE31-B0EB-0FB6DBEDCF83}.Release|Any CPU.ActiveCfg = Release|Any CPU
		{5872AEB3-BAA3-FE31-B0EB-0FB6DBEDCF83}.Release|Any CPU.Build.0 = Release|Any CPU
		{5872AEB3-BAA3-FE31-B0EB-0FB6DBEDCF83}.Release|x64.ActiveCfg = Release|Any CPU
		{5872AEB3-BAA3-FE31-B0EB-0FB6DBEDCF83}.Release|x64.Build.0 = Release|Any CPU
	EndGlobalSection
	GlobalSection(SolutionProperties) = preSolution
		HideSolutionNode = FALSE
	EndGlobalSection
	GlobalSection(NestedProjects) = preSolution
		{F454539D-8635-4D40-AC22-53B2E26CFEDA} = {B44BB5D8-78AB-4E68-8633-EDE96456729B}
		{5E41A593-22F0-4471-99BA-5CA2EFC81B26} = {B44BB5D8-78AB-4E68-8633-EDE96456729B}
		{FC2914D3-5BB1-4D96-9725-2E0ABD3D54B7} = {B44BB5D8-78AB-4E68-8633-EDE96456729B}
		{D6A0C80F-840C-4E94-88F3-57053CB8FFFF} = {763FE893-1CC4-4E97-BF53-13D6F709FAC6}
		{C9D9C0B1-87A5-4D7A-95F4-BB5A167A0DA5} = {763FE893-1CC4-4E97-BF53-13D6F709FAC6}
		{9BA21A66-756C-4AB7-9063-DBDD68D6615E} = {54415ABE-7533-47E8-B375-B997BAF26763}
		{A968F3DA-D027-4C27-B7AD-21E5645D62B2} = {763FE893-1CC4-4E97-BF53-13D6F709FAC6}
		{EEBF39F1-9B28-44E2-9DCD-720EF458163B} = {763FE893-1CC4-4E97-BF53-13D6F709FAC6}
		{2EB7C7D4-DEA2-445C-A7EC-07BC4C415AEC} = {763FE893-1CC4-4E97-BF53-13D6F709FAC6}
		{895CBC17-0B4C-4ABA-B115-CF25EDB3D3A8} = {B44BB5D8-78AB-4E68-8633-EDE96456729B}
		{5FA1A5D6-1FDA-46EB-BB2E-F0777E30B73E} = {B44BB5D8-78AB-4E68-8633-EDE96456729B}
		{8DD0D2B8-F810-487E-9CDC-0DA49F2B7430} = {B44BB5D8-78AB-4E68-8633-EDE96456729B}
		{FDD1CEC6-8E76-469A-AB0C-37779579CAB0} = {763FE893-1CC4-4E97-BF53-13D6F709FAC6}
		{9CC24B89-3133-4562-882B-6E66ACE00971} = {763FE893-1CC4-4E97-BF53-13D6F709FAC6}
		{F62CC0C3-7F74-4678-BC1D-169FEB97F813} = {763FE893-1CC4-4E97-BF53-13D6F709FAC6}
		{0010421B-7A12-408D-BB0B-BE7FEDA732FC} = {B44BB5D8-78AB-4E68-8633-EDE96456729B}
		{22B1C19B-7D5F-49CD-97F8-D11E28BFEE01} = {B44BB5D8-78AB-4E68-8633-EDE96456729B}
		{C60EB498-E61B-48DE-B39F-B1231443FF8C} = {763FE893-1CC4-4E97-BF53-13D6F709FAC6}
		{F93DA578-F24A-45A5-BFA6-C712CFCD6DB4} = {9B9A5A55-0B21-4EAA-A3AF-3839578C99F2}
		{CAA88184-CE6A-4EEC-BBF7-7E825EFA9C00} = {B44BB5D8-78AB-4E68-8633-EDE96456729B}
		{6148889A-EE01-420C-A3C3-1D2DCECFD465} = {9B9A5A55-0B21-4EAA-A3AF-3839578C99F2}
		{0CFE7213-0A00-4E56-B09B-B90717C6A72A} = {763FE893-1CC4-4E97-BF53-13D6F709FAC6}
		{BB59374A-0DFE-4AA6-A6CA-75949AB761F1} = {B44BB5D8-78AB-4E68-8633-EDE96456729B}
		{A541696A-E018-43BB-AC7D-3E0D3C14A92F} = {763FE893-1CC4-4E97-BF53-13D6F709FAC6}
		{24228CE0-538C-457A-936E-27D17A6F0A09} = {9B9A5A55-0B21-4EAA-A3AF-3839578C99F2}
		{26049A4D-9E08-4B68-AB92-68257BA11A69} = {B44BB5D8-78AB-4E68-8633-EDE96456729B}
		{7B9192BA-8BAA-4D11-930B-3784CAA9357B} = {9B9A5A55-0B21-4EAA-A3AF-3839578C99F2}
		{8433612C-5AA2-4B12-8498-4A658B6E9196} = {B44BB5D8-78AB-4E68-8633-EDE96456729B}
		{A6863875-F452-4799-962A-DD5B997FA2E6} = {2CFD3B22-38DE-4A75-BE03-6DF16785318B}
		{5ECF7DEA-FDF6-4E33-85F7-7CFB68157C30} = {B44BB5D8-78AB-4E68-8633-EDE96456729B}
		{8A3AD4AE-8BC6-4DD0-B8F5-A76FEE442A40} = {B44BB5D8-78AB-4E68-8633-EDE96456729B}
		{3B27962E-9489-481B-BF22-D542B7B1465F} = {9B9A5A55-0B21-4EAA-A3AF-3839578C99F2}
		{2BB4FCE3-34BA-4E0C-98F7-028BE026D62D} = {2CFD3B22-38DE-4A75-BE03-6DF16785318B}
		{AD5B9BC9-9870-4E12-99B1-69CBA7ECEF34} = {B44BB5D8-78AB-4E68-8633-EDE96456729B}
		{50F959EB-AA90-45FE-81A0-239F7078134C} = {9B9A5A55-0B21-4EAA-A3AF-3839578C99F2}
		{223C3EEA-E1D9-4818-BC5B-49DC93B7E6FE} = {2CFD3B22-38DE-4A75-BE03-6DF16785318B}
		{56214700-1DBB-43E3-A8BD-67221CEDF0BE} = {DE87C987-3F09-48C7-BBC4-14ABD6FE637D}
		{39B2319A-32F1-4C4A-9C24-B3CAC57A108D} = {9B9A5A55-0B21-4EAA-A3AF-3839578C99F2}
		{40E93964-479D-4B70-884D-BDBC5FC444E2} = {77D9FF60-9F2A-4192-80A4-2CB4774C00C0}
		{1F379265-C0AB-4991-AEE7-E7F53F43A058} = {2CFD3B22-38DE-4A75-BE03-6DF16785318B}
		{1DFB4399-1867-4A7A-9DC6-DA2ED4E2A45F} = {77D9FF60-9F2A-4192-80A4-2CB4774C00C0}
		{05E0AA89-DA36-4003-9C66-585BD261F973} = {77D9FF60-9F2A-4192-80A4-2CB4774C00C0}
		{0E9117AC-4BF8-4833-98EA-ADE361EE9935} = {77D9FF60-9F2A-4192-80A4-2CB4774C00C0}
		{0A8F96B8-AA4B-45EC-B5C1-FDAEB06B4FB9} = {2CFD3B22-38DE-4A75-BE03-6DF16785318B}
		{C9686E7B-1B2D-4454-827B-03CB407ECB2B} = {B44BB5D8-78AB-4E68-8633-EDE96456729B}
		{98805E9C-FFA2-4456-B293-E4C6BCE1ADC9} = {77D9FF60-9F2A-4192-80A4-2CB4774C00C0}
		{771CA6B7-5183-4938-8BD5-775A1759F4AC} = {2CFD3B22-38DE-4A75-BE03-6DF16785318B}
		{5AB49997-4FDB-403E-AA59-9DF86F565CB4} = {9B9A5A55-0B21-4EAA-A3AF-3839578C99F2}
		{A2F92FBD-C9DB-4C49-BCFD-FBD27ADD787C} = {77D9FF60-9F2A-4192-80A4-2CB4774C00C0}
		{75CCBC12-556B-4EF1-A598-1EEC590F7565} = {9B9A5A55-0B21-4EAA-A3AF-3839578C99F2}
		{84D8F103-F4AE-485A-94C5-69C4BA2F89A8} = {763FE893-1CC4-4E97-BF53-13D6F709FAC6}
		{0C0F0D93-51A4-4962-A1F9-7F417BD38686} = {77D9FF60-9F2A-4192-80A4-2CB4774C00C0}
		{B581628E-6F87-487E-B89A-350626F33EDB} = {77D9FF60-9F2A-4192-80A4-2CB4774C00C0}
		{A8A7A15C-EA86-491B-A5D3-B3366BDA5C98} = {77D9FF60-9F2A-4192-80A4-2CB4774C00C0}
		{E69EFEF9-4CBD-4657-89A1-7FC4A59860B2} = {9B9A5A55-0B21-4EAA-A3AF-3839578C99F2}
		{5872AEB3-BAA3-FE31-B0EB-0FB6DBEDCF83} = {763FE893-1CC4-4E97-BF53-13D6F709FAC6}
	EndGlobalSection
	GlobalSection(ExtensibilityGlobals) = postSolution
		SolutionGuid = {6674B64D-9F9C-4B42-83BB-CCB29499358C}
	EndGlobalSection
EndGlobal
